{
  "name": "bbc-uhrp-node",
  "version": "1.0.0",
  "lockfileVersion": 3,
  "requires": true,
  "packages": {
    "": {
      "name": "bbc-uhrp-node",
      "version": "1.0.0",
      "dependencies": {
        "@bsv/sdk": "^2.1.6"
      }
    },
    "node_modules/@bsv/sdk": {
      "version": "2.1.6",
      "resolved": "https://registry.npmjs.org/@bsv/sdk/-/sdk-2.1.6.tgz",
      "integrity": "sha512-Szm1KM9BbA0Yc091gCW5NkFu9lhcykaDK9yXab/B/6f18h05uys3HWKaxHO05pKl0fYIpvwFrSScOefy0RT3GQ==",
      "license": "SEE LICENSE IN LICENSE.txt"
    }
  }
}
